
Microsoft Visual Studio Solution File, Format Version 12.00
# Visual Studio Version 17
VisualStudioVersion = 17.8.34525.116
MinimumVisualStudioVersion = 10.0.40219.1
Project("{FAE04EC0-301F-11D3-BF4B-00C04F79EFBC}") = "PizzaManagement", "PizzaManagement.csproj", "{AFD3B86F-4639-42CB-89CA-36196840CCE4}"
EndProject
Global
	GlobalSection(SolutionConfigurationPlatforms) = preSolution
		Debug|Any CPU = Debug|Any CPU
		Release|Any CPU = Release|Any CPU
	EndGlobalSection
	GlobalSection(ProjectConfigurationPlatforms) = postSolution
		{AFD3B86F-4639-42CB-89CA-36196840CCE4}.Debug|Any CPU.ActiveCfg = Debug|Any CPU
		{AFD3B86F-4639-42CB-89CA-36196840CCE4}.Debug|Any CPU.Build.0 = Debug|Any CPU
		{AFD3B86F-4639-42CB-89CA-36196840CCE4}.Release|Any CPU.ActiveCfg = Release|Any CPU
		{AFD3B86F-4639-42CB-89CA-36196840CCE4}.Release|Any CPU.Build.0 = Release|Any CPU
	EndGlobalSection
	GlobalSection(SolutionProperties) = preSolution
		HideSolutionNode = FALSE
	EndGlobalSection
	GlobalSection(ExtensibilityGlobals) = postSolution
		SolutionGuid = {33C162EE-E214-410F-9FE9-6F0064752A14}
	EndGlobalSection
EndGlobal
